
Microsoft Visual Studio Solution File, Format Version 12.00
# Visual Studio Express 15 for Windows Desktop
VisualStudioVersion = 15.0.34829.251
MinimumVisualStudioVersion = 10.0.40219.1
Project("{FAE04EC0-301F-11D3-BF4B-00C04F79EFBC}") = "exercicios-1", "exercicios-1\exercicios-1.csproj", "{0B2C20F8-0B6F-48A3-8E66-CBF67538D404}"
EndProject
Global
	GlobalSection(SolutionConfigurationPlatforms) = preSolution
		Debug|Any CPU = Debug|Any CPU
		Release|Any CPU = Release|Any CPU
	EndGlobalSection
	GlobalSection(ProjectConfigurationPlatforms) = postSolution
		{0B2C20F8-0B6F-48A3-8E66-CBF67538D404}.Debug|Any CPU.ActiveCfg = Debug|Any CPU
		{0B2C20F8-0B6F-48A3-8E66-CBF67538D404}.Debug|Any CPU.Build.0 = Debug|Any CPU
		{0B2C20F8-0B6F-48A3-8E66-CBF67538D404}.Release|Any CPU.ActiveCfg = Release|Any CPU
		{0B2C20F8-0B6F-48A3-8E66-CBF67538D404}.Release|Any CPU.Build.0 = Release|Any CPU
	EndGlobalSection
	GlobalSection(SolutionProperties) = preSolution
		HideSolutionNode = FALSE
	EndGlobalSection
	GlobalSection(ExtensibilityGlobals) = postSolution
		SolutionGuid = {F39F0406-BF16-4CD1-8D12-378E13A38E38}
	EndGlobalSection
EndGlobal
